// !$*UTF8*$!
{
	archiveVersion = 1;
	classes = {
	};
	objectVersion = 50;
	objects = {

/* Begin PBXBuildFile section */
		17EC7D1421820D89001C958E /* VideoCollectionViewCell+Snapkit.swift in Sources */ = {isa = PBXBuildFile; fileRef = 17EC7D0E21820D89001C958E /* VideoCollectionViewCell+Snapkit.swift */; };
		17EC7D1521820D89001C958E /* NetworkLandingCell.swift in Sources */ = {isa = PBXBuildFile; fileRef = 17EC7D0F21820D89001C958E /* NetworkLandingCell.swift */; };
		17EC7D1621820D89001C958E /* VideoCollectionViewCell.swift in Sources */ = {isa = PBXBuildFile; fileRef = 17EC7D1021820D89001C958E /* VideoCollectionViewCell.swift */; };
		17EC7D1721820D89001C958E /* PopVC.swift in Sources */ = {isa = PBXBuildFile; fileRef = 17EC7D1121820D89001C958E /* PopVC.swift */; };
		17EC7D1821820D89001C958E /* MapVC.swift in Sources */ = {isa = PBXBuildFile; fileRef = 17EC7D1221820D89001C958E /* MapVC.swift */; };
		17EC7D1B21820EB7001C958E /* VisualManager.swift in Sources */ = {isa = PBXBuildFile; fileRef = 17EC7D1A21820EB7001C958E /* VisualManager.swift */; };
		17EC7D2021820F8E001C958E /* LandingVC+UITableView.swift in Sources */ = {isa = PBXBuildFile; fileRef = 17EC7D1E21820F8D001C958E /* LandingVC+UITableView.swift */; };
		17EC7D2121820F8E001C958E /* LandingVC.swift in Sources */ = {isa = PBXBuildFile; fileRef = 17EC7D1F21820F8E001C958E /* LandingVC.swift */; };
		17EC7D2421820FC3001C958E /* Color.swift in Sources */ = {isa = PBXBuildFile; fileRef = 17EC7D2321820FC3001C958E /* Color.swift */; };
		17EC7D272182100E001C958E /* DataManager.swift in Sources */ = {isa = PBXBuildFile; fileRef = 17EC7D262182100D001C958E /* DataManager.swift */; };
		17EC7D2D218210CA001C958E /* CustomURLCache.swift in Sources */ = {isa = PBXBuildFile; fileRef = 17EC7D2B218210CA001C958E /* CustomURLCache.swift */; };
		17EC7D2E218210CA001C958E /* APIManager.swift in Sources */ = {isa = PBXBuildFile; fileRef = 17EC7D2C218210CA001C958E /* APIManager.swift */; };
		17EC7D3021821253001C958E /* MyTabBar.swift in Sources */ = {isa = PBXBuildFile; fileRef = 17EC7D2F21821253001C958E /* MyTabBar.swift */; };
		17EC7D3221821316001C958E /* DebugView.swift in Sources */ = {isa = PBXBuildFile; fileRef = 17EC7D3121821316001C958E /* DebugView.swift */; };
		17EC7D34218214FD001C958E /* Models.swift in Sources */ = {isa = PBXBuildFile; fileRef = 17EC7D33218214FD001C958E /* Models.swift */; };
		17EC7D36218215B1001C958E /* ImageView.swift in Sources */ = {isa = PBXBuildFile; fileRef = 17EC7D35218215B1001C958E /* ImageView.swift */; };
		17EC7D38218218C1001C958E /* Placeholder.swift in Sources */ = {isa = PBXBuildFile; fileRef = 17EC7D37218218C1001C958E /* Placeholder.swift */; };
		17EC7D3A2182194C001C958E /* UIWindow+Category.swift in Sources */ = {isa = PBXBuildFile; fileRef = 17EC7D392182194C001C958E /* UIWindow+Category.swift */; };
		17EC7D3C21821B15001C958E /* MyTabBar+UITabBarControllerDelegate.swift in Sources */ = {isa = PBXBuildFile; fileRef = 17EC7D3B21821B15001C958E /* MyTabBar+UITabBarControllerDelegate.swift */; };
		17EC7D3E21821B77001C958E /* AppearanceService.swift in Sources */ = {isa = PBXBuildFile; fileRef = 17EC7D3D21821B76001C958E /* AppearanceService.swift */; };
		17EC7D42218228DA001C958E /* HeaderSectionView.swift in Sources */ = {isa = PBXBuildFile; fileRef = 17EC7D41218228D9001C958E /* HeaderSectionView.swift */; };
		17EC7D4421822FFF001C958E /* FeaturedTableViewHeader.swift in Sources */ = {isa = PBXBuildFile; fileRef = 17EC7D4321822FFF001C958E /* FeaturedTableViewHeader.swift */; };
		505D50A2208713E90015E7BF /* DroppablePin.swift in Sources */ = {isa = PBXBuildFile; fileRef = 505D50A1208713E90015E7BF /* DroppablePin.swift */; };
		505D50A42087185E0015E7BF /* Constants.swift in Sources */ = {isa = PBXBuildFile; fileRef = 505D50A32087185E0015E7BF /* Constants.swift */; };
		50616F882086E95100EB64A4 /* AppDelegate.swift in Sources */ = {isa = PBXBuildFile; fileRef = 50616F872086E95100EB64A4 /* AppDelegate.swift */; };
		50616F8D2086E95100EB64A4 /* Main.storyboard in Resources */ = {isa = PBXBuildFile; fileRef = 50616F8B2086E95100EB64A4 /* Main.storyboard */; };
		50616F8F2086E95500EB64A4 /* Assets.xcassets in Resources */ = {isa = PBXBuildFile; fileRef = 50616F8E2086E95500EB64A4 /* Assets.xcassets */; };
		50616F922086E95500EB64A4 /* LaunchScreen.storyboard in Resources */ = {isa = PBXBuildFile; fileRef = 50616F902086E95500EB64A4 /* LaunchScreen.storyboard */; };
		506BA78E2089D3440078EE7B /* PhotoCell.swift in Sources */ = {isa = PBXBuildFile; fileRef = 506BA78D2089D3440078EE7B /* PhotoCell.swift */; };
		B028B46BA7848AE5F223E051 /* Pods_pixel_city.framework in Frameworks */ = {isa = PBXBuildFile; fileRef = 40875A8394C2E604118A3E24 /* Pods_pixel_city.framework */; };
/* End PBXBuildFile section */

/* Begin PBXFileReference section */
		17EC7D0E21820D89001C958E /* VideoCollectionViewCell+Snapkit.swift */ = {isa = PBXFileReference; fileEncoding = 4; lastKnownFileType = sourcecode.swift; path = "VideoCollectionViewCell+Snapkit.swift"; sourceTree = "<group>"; };
		17EC7D0F21820D89001C958E /* NetworkLandingCell.swift */ = {isa = PBXFileReference; fileEncoding = 4; lastKnownFileType = sourcecode.swift; path = NetworkLandingCell.swift; sourceTree = "<group>"; };
		17EC7D1021820D89001C958E /* VideoCollectionViewCell.swift */ = {isa = PBXFileReference; fileEncoding = 4; lastKnownFileType = sourcecode.swift; path = VideoCollectionViewCell.swift; sourceTree = "<group>"; };
		17EC7D1121820D89001C958E /* PopVC.swift */ = {isa = PBXFileReference; fileEncoding = 4; lastKnownFileType = sourcecode.swift; path = PopVC.swift; sourceTree = "<group>"; };
		17EC7D1221820D89001C958E /* MapVC.swift */ = {isa = PBXFileReference; fileEncoding = 4; lastKnownFileType = sourcecode.swift; path = MapVC.swift; sourceTree = "<group>"; };
		17EC7D1A21820EB7001C958E /* VisualManager.swift */ = {isa = PBXFileReference; fileEncoding = 4; lastKnownFileType = sourcecode.swift; path = VisualManager.swift; sourceTree = "<group>"; };
		17EC7D1E21820F8D001C958E /* LandingVC+UITableView.swift */ = {isa = PBXFileReference; fileEncoding = 4; lastKnownFileType = sourcecode.swift; path = "LandingVC+UITableView.swift"; sourceTree = "<group>"; };
		17EC7D1F21820F8E001C958E /* LandingVC.swift */ = {isa = PBXFileReference; fileEncoding = 4; lastKnownFileType = sourcecode.swift; path = LandingVC.swift; sourceTree = "<group>"; };
		17EC7D2321820FC3001C958E /* Color.swift */ = {isa = PBXFileReference; fileEncoding = 4; lastKnownFileType = sourcecode.swift; path = Color.swift; sourceTree = "<group>"; };
		17EC7D262182100D001C958E /* DataManager.swift */ = {isa = PBXFileReference; fileEncoding = 4; lastKnownFileType = sourcecode.swift; path = DataManager.swift; sourceTree = "<group>"; };
		17EC7D2B218210CA001C958E /* CustomURLCache.swift */ = {isa = PBXFileReference; fileEncoding = 4; lastKnownFileType = sourcecode.swift; path = CustomURLCache.swift; sourceTree = "<group>"; };
		17EC7D2C218210CA001C958E /* APIManager.swift */ = {isa = PBXFileReference; fileEncoding = 4; lastKnownFileType = sourcecode.swift; path = APIManager.swift; sourceTree = "<group>"; };
		17EC7D2F21821253001C958E /* MyTabBar.swift */ = {isa = PBXFileReference; fileEncoding = 4; lastKnownFileType = sourcecode.swift; path = MyTabBar.swift; sourceTree = "<group>"; };
		17EC7D3121821316001C958E /* DebugView.swift */ = {isa = PBXFileReference; fileEncoding = 4; lastKnownFileType = sourcecode.swift; path = DebugView.swift; sourceTree = "<group>"; };
		17EC7D33218214FD001C958E /* Models.swift */ = {isa = PBXFileReference; lastKnownFileType = sourcecode.swift; path = Models.swift; sourceTree = "<group>"; };
		17EC7D35218215B1001C958E /* ImageView.swift */ = {isa = PBXFileReference; fileEncoding = 4; lastKnownFileType = sourcecode.swift; path = ImageView.swift; sourceTree = "<group>"; };
		17EC7D37218218C1001C958E /* Placeholder.swift */ = {isa = PBXFileReference; fileEncoding = 4; lastKnownFileType = sourcecode.swift; path = Placeholder.swift; sourceTree = "<group>"; };
		17EC7D392182194C001C958E /* UIWindow+Category.swift */ = {isa = PBXFileReference; fileEncoding = 4; lastKnownFileType = sourcecode.swift; path = "UIWindow+Category.swift"; sourceTree = "<group>"; };
		17EC7D3B21821B15001C958E /* MyTabBar+UITabBarControllerDelegate.swift */ = {isa = PBXFileReference; fileEncoding = 4; lastKnownFileType = sourcecode.swift; path = "MyTabBar+UITabBarControllerDelegate.swift"; sourceTree = "<group>"; };
		17EC7D3D21821B76001C958E /* AppearanceService.swift */ = {isa = PBXFileReference; fileEncoding = 4; lastKnownFileType = sourcecode.swift; path = AppearanceService.swift; sourceTree = "<group>"; };
		17EC7D41218228D9001C958E /* HeaderSectionView.swift */ = {isa = PBXFileReference; fileEncoding = 4; lastKnownFileType = sourcecode.swift; path = HeaderSectionView.swift; sourceTree = "<group>"; };
		17EC7D4321822FFF001C958E /* FeaturedTableViewHeader.swift */ = {isa = PBXFileReference; fileEncoding = 4; lastKnownFileType = sourcecode.swift; path = FeaturedTableViewHeader.swift; sourceTree = "<group>"; };
		40875A8394C2E604118A3E24 /* Pods_pixel_city.framework */ = {isa = PBXFileReference; explicitFileType = wrapper.framework; includeInIndex = 0; path = Pods_pixel_city.framework; sourceTree = BUILT_PRODUCTS_DIR; };
		505D50A1208713E90015E7BF /* DroppablePin.swift */ = {isa = PBXFileReference; lastKnownFileType = sourcecode.swift; path = DroppablePin.swift; sourceTree = "<group>"; };
		505D50A32087185E0015E7BF /* Constants.swift */ = {isa = PBXFileReference; lastKnownFileType = sourcecode.swift; path = Constants.swift; sourceTree = "<group>"; };
		50616F842086E95100EB64A4 /* pixel-city.app */ = {isa = PBXFileReference; explicitFileType = wrapper.application; includeInIndex = 0; path = "pixel-city.app"; sourceTree = BUILT_PRODUCTS_DIR; };
		50616F872086E95100EB64A4 /* AppDelegate.swift */ = {isa = PBXFileReference; lastKnownFileType = sourcecode.swift; path = AppDelegate.swift; sourceTree = "<group>"; };
		50616F8C2086E95100EB64A4 /* Base */ = {isa = PBXFileReference; lastKnownFileType = file.storyboard; name = Base; path = Base.lproj/Main.storyboard; sourceTree = "<group>"; };
		50616F8E2086E95500EB64A4 /* Assets.xcassets */ = {isa = PBXFileReference; lastKnownFileType = folder.assetcatalog; path = Assets.xcassets; sourceTree = "<group>"; };
		50616F912086E95500EB64A4 /* Base */ = {isa = PBXFileReference; lastKnownFileType = file.storyboard; name = Base; path = Base.lproj/LaunchScreen.storyboard; sourceTree = "<group>"; };
		50616F932086E95500EB64A4 /* Info.plist */ = {isa = PBXFileReference; lastKnownFileType = text.plist.xml; path = Info.plist; sourceTree = "<group>"; };
		506BA78D2089D3440078EE7B /* PhotoCell.swift */ = {isa = PBXFileReference; lastKnownFileType = sourcecode.swift; path = PhotoCell.swift; sourceTree = "<group>"; };
		7FAB19C2B9B724DE16B34A18 /* Pods-pixel-city.release.xcconfig */ = {isa = PBXFileReference; includeInIndex = 1; lastKnownFileType = text.xcconfig; name = "Pods-pixel-city.release.xcconfig"; path = "Pods/Target Support Files/Pods-pixel-city/Pods-pixel-city.release.xcconfig"; sourceTree = "<group>"; };
		9659419AA60B1026C36FC6F8 /* Pods-pixel-city.debug.xcconfig */ = {isa = PBXFileReference; includeInIndex = 1; lastKnownFileType = text.xcconfig; name = "Pods-pixel-city.debug.xcconfig"; path = "Pods/Target Support Files/Pods-pixel-city/Pods-pixel-city.debug.xcconfig"; sourceTree = "<group>"; };
/* End PBXFileReference section */

/* Begin PBXFrameworksBuildPhase section */
		50616F812086E95100EB64A4 /* Frameworks */ = {
			isa = PBXFrameworksBuildPhase;
			buildActionMask = 2147483647;
			files = (
				B028B46BA7848AE5F223E051 /* Pods_pixel_city.framework in Frameworks */,
			);
			runOnlyForDeploymentPostprocessing = 0;
		};
/* End PBXFrameworksBuildPhase section */

/* Begin PBXGroup section */
		17EC7D0C21820D89001C958E /* Controller */ = {
			isa = PBXGroup;
			children = (
				17EC7D0D21820D89001C958E /* Cells */,
				17EC7D1121820D89001C958E /* PopVC.swift */,
				17EC7D3121821316001C958E /* DebugView.swift */,
				17EC7D1221820D89001C958E /* MapVC.swift */,
				17EC7D1F21820F8E001C958E /* LandingVC.swift */,
				17EC7D1E21820F8D001C958E /* LandingVC+UITableView.swift */,
				17EC7D1A21820EB7001C958E /* VisualManager.swift */,
				17EC7D2F21821253001C958E /* MyTabBar.swift */,
				17EC7D3B21821B15001C958E /* MyTabBar+UITabBarControllerDelegate.swift */,
			);
			path = Controller;
			sourceTree = "<group>";
		};
		17EC7D0D21820D89001C958E /* Cells */ = {
			isa = PBXGroup;
			children = (
				17EC7D4321822FFF001C958E /* FeaturedTableViewHeader.swift */,
				17EC7D41218228D9001C958E /* HeaderSectionView.swift */,
				17EC7D0E21820D89001C958E /* VideoCollectionViewCell+Snapkit.swift */,
				17EC7D0F21820D89001C958E /* NetworkLandingCell.swift */,
				17EC7D1021820D89001C958E /* VideoCollectionViewCell.swift */,
			);
			path = Cells;
			sourceTree = "<group>";
		};
		17EC7D2221820FC3001C958E /* Extensions */ = {
			isa = PBXGroup;
			children = (
				17EC7D3D21821B76001C958E /* AppearanceService.swift */,
				17EC7D392182194C001C958E /* UIWindow+Category.swift */,
				17EC7D37218218C1001C958E /* Placeholder.swift */,
				17EC7D35218215B1001C958E /* ImageView.swift */,
				17EC7D2321820FC3001C958E /* Color.swift */,
			);
			path = Extensions;
			sourceTree = "<group>";
		};
		17EC7D252182100D001C958E /* DataModelNetwork */ = {
			isa = PBXGroup;
			children = (
				17EC7D2A218210CA001C958E /* API */,
				17EC7D262182100D001C958E /* DataManager.swift */,
				17EC7D33218214FD001C958E /* Models.swift */,
			);
			path = DataModelNetwork;
			sourceTree = "<group>";
		};
		17EC7D2A218210CA001C958E /* API */ = {
			isa = PBXGroup;
			children = (
				17EC7D2B218210CA001C958E /* CustomURLCache.swift */,
				17EC7D2C218210CA001C958E /* APIManager.swift */,
			);
			path = API;
			sourceTree = "<group>";
		};
		50616F7B2086E95100EB64A4 = {
			isa = PBXGroup;
			children = (
				50616F862086E95100EB64A4 /* pixel-city */,
				50616F852086E95100EB64A4 /* Products */,
				9BE896AB13B99A2628FDF93B /* Pods */,
				7D7A0992EB8672569573BA57 /* Frameworks */,
			);
			sourceTree = "<group>";
		};
		50616F852086E95100EB64A4 /* Products */ = {
			isa = PBXGroup;
			children = (
				50616F842086E95100EB64A4 /* pixel-city.app */,
			);
			name = Products;
			sourceTree = "<group>";
		};
		50616F862086E95100EB64A4 /* pixel-city */ = {
			isa = PBXGroup;
			children = (
				17EC7D2221820FC3001C958E /* Extensions */,
				17EC7D252182100D001C958E /* DataModelNetwork */,
				17EC7D0C21820D89001C958E /* Controller */,
				50616F9B2086E9FB00EB64A4 /* Utilities */,
				50616F9A2086E9F300EB64A4 /* View */,
				50616F872086E95100EB64A4 /* AppDelegate.swift */,
				50616F8B2086E95100EB64A4 /* Main.storyboard */,
				50616F8E2086E95500EB64A4 /* Assets.xcassets */,
				50616F902086E95500EB64A4 /* LaunchScreen.storyboard */,
				50616F932086E95500EB64A4 /* Info.plist */,
			);
			path = "pixel-city";
			sourceTree = "<group>";
		};
		50616F9A2086E9F300EB64A4 /* View */ = {
			isa = PBXGroup;
			children = (
				505D50A1208713E90015E7BF /* DroppablePin.swift */,
				506BA78D2089D3440078EE7B /* PhotoCell.swift */,
			);
			path = View;
			sourceTree = "<group>";
		};
		50616F9B2086E9FB00EB64A4 /* Utilities */ = {
			isa = PBXGroup;
			children = (
				505D50A32087185E0015E7BF /* Constants.swift */,
			);
			path = Utilities;
			sourceTree = "<group>";
		};
		7D7A0992EB8672569573BA57 /* Frameworks */ = {
			isa = PBXGroup;
			children = (
				40875A8394C2E604118A3E24 /* Pods_pixel_city.framework */,
			);
			name = Frameworks;
			sourceTree = "<group>";
		};
		9BE896AB13B99A2628FDF93B /* Pods */ = {
			isa = PBXGroup;
			children = (
				9659419AA60B1026C36FC6F8 /* Pods-pixel-city.debug.xcconfig */,
				7FAB19C2B9B724DE16B34A18 /* Pods-pixel-city.release.xcconfig */,
			);
			name = Pods;
			sourceTree = "<group>";
		};
/* End PBXGroup section */

/* Begin PBXNativeTarget section */
		50616F832086E95100EB64A4 /* pixel-city */ = {
			isa = PBXNativeTarget;
			buildConfigurationList = 50616F962086E95500EB64A4 /* Build configuration list for PBXNativeTarget "pixel-city" */;
			buildPhases = (
				935D6C2B257CD80E1A47921A /* [CP] Check Pods Manifest.lock */,
				50616F802086E95100EB64A4 /* Sources */,
				50616F812086E95100EB64A4 /* Frameworks */,
				50616F822086E95100EB64A4 /* Resources */,
				7BD241E1A190A7E8D4091C47 /* [CP] Embed Pods Frameworks */,
				506BA791208EACF30078EE7B /* ShellScript */,
			);
			buildRules = (
			);
			dependencies = (
			);
			name = "pixel-city";
			productName = "pixel-city";
			productReference = 50616F842086E95100EB64A4 /* pixel-city.app */;
			productType = "com.apple.product-type.application";
		};
/* End PBXNativeTarget section */

/* Begin PBXProject section */
		50616F7C2086E95100EB64A4 /* Project object */ = {
			isa = PBXProject;
			attributes = {
				LastSwiftUpdateCheck = 0930;
				LastUpgradeCheck = 0930;
				ORGANIZATIONNAME = "David Brunstein";
				TargetAttributes = {
					50616F832086E95100EB64A4 = {
						CreatedOnToolsVersion = 9.3;
					};
				};
			};
			buildConfigurationList = 50616F7F2086E95100EB64A4 /* Build configuration list for PBXProject "pixel-city" */;
			compatibilityVersion = "Xcode 9.3";
			developmentRegion = en;
			hasScannedForEncodings = 0;
			knownRegions = (
				en,
				Base,
			);
			mainGroup = 50616F7B2086E95100EB64A4;
			productRefGroup = 50616F852086E95100EB64A4 /* Products */;
			projectDirPath = "";
			projectRoot = "";
			targets = (
				50616F832086E95100EB64A4 /* pixel-city */,
			);
		};
/* End PBXProject section */

/* Begin PBXResourcesBuildPhase section */
		50616F822086E95100EB64A4 /* Resources */ = {
			isa = PBXResourcesBuildPhase;
			buildActionMask = 2147483647;
			files = (
				50616F922086E95500EB64A4 /* LaunchScreen.storyboard in Resources */,
				50616F8F2086E95500EB64A4 /* Assets.xcassets in Resources */,
				50616F8D2086E95100EB64A4 /* Main.storyboard in Resources */,
			);
			runOnlyForDeploymentPostprocessing = 0;
		};
/* End PBXResourcesBuildPhase section */

/* Begin PBXShellScriptBuildPhase section */
		506BA791208EACF30078EE7B /* ShellScript */ = {
			isa = PBXShellScriptBuildPhase;
			buildActionMask = 2147483647;
			files = (
			);
			inputPaths = (
			);
			outputPaths = (
			);
			runOnlyForDeploymentPostprocessing = 0;
			shellPath = /bin/sh;
			shellScript = "\"${PODS_ROOT}/Fabric/run\" 6582f2f3ba714c4b361092b3f4f9a059b25bac64 db565d63a41b3838c30698db678c69676d19669898b8e17eaaa6edfc2b708ee8";
		};
		7BD241E1A190A7E8D4091C47 /* [CP] Embed Pods Frameworks */ = {
			isa = PBXShellScriptBuildPhase;
			buildActionMask = 2147483647;
			files = (
			);
			inputPaths = (
				"${SRCROOT}/Pods/Target Support Files/Pods-pixel-city/Pods-pixel-city-frameworks.sh",
				"${BUILT_PRODUCTS_DIR}/Alamofire/Alamofire.framework",
				"${BUILT_PRODUCTS_DIR}/AlamofireImage/AlamofireImage.framework",
				"${BUILT_PRODUCTS_DIR}/CocoaLumberjack/CocoaLumberjack.framework",
				"${BUILT_PRODUCTS_DIR}/Device/Device.framework",
				"${BUILT_PRODUCTS_DIR}/LumberjackConsole/LumberjackConsole.framework",
				"${BUILT_PRODUCTS_DIR}/Material/Material.framework",
				"${BUILT_PRODUCTS_DIR}/Motion/Motion.framework",
				"${BUILT_PRODUCTS_DIR}/NBUCore/NBUCore.framework",
				"${BUILT_PRODUCTS_DIR}/SDWebImage/SDWebImage.framework",
				"${BUILT_PRODUCTS_DIR}/SnapKit/SnapKit.framework",
				"${BUILT_PRODUCTS_DIR}/Unbox/Unbox.framework",
				"${BUILT_PRODUCTS_DIR}/UnboxedAlamofire/UnboxedAlamofire.framework",
				"${BUILT_PRODUCTS_DIR}/XLPagerTabStrip/XLPagerTabStrip.framework",
			);
			name = "[CP] Embed Pods Frameworks";
			outputPaths = (
				"${TARGET_BUILD_DIR}/${FRAMEWORKS_FOLDER_PATH}/Alamofire.framework",
				"${TARGET_BUILD_DIR}/${FRAMEWORKS_FOLDER_PATH}/AlamofireImage.framework",
				"${TARGET_BUILD_DIR}/${FRAMEWORKS_FOLDER_PATH}/CocoaLumberjack.framework",
				"${TARGET_BUILD_DIR}/${FRAMEWORKS_FOLDER_PATH}/Device.framework",
				"${TARGET_BUILD_DIR}/${FRAMEWORKS_FOLDER_PATH}/LumberjackConsole.framework",
				"${TARGET_BUILD_DIR}/${FRAMEWORKS_FOLDER_PATH}/Material.framework",
				"${TARGET_BUILD_DIR}/${FRAMEWORKS_FOLDER_PATH}/Motion.framework",
				"${TARGET_BUILD_DIR}/${FRAMEWORKS_FOLDER_PATH}/NBUCore.framework",
				"${TARGET_BUILD_DIR}/${FRAMEWORKS_FOLDER_PATH}/SDWebImage.framework",
				"${TARGET_BUILD_DIR}/${FRAMEWORKS_FOLDER_PATH}/SnapKit.framework",
				"${TARGET_BUILD_DIR}/${FRAMEWORKS_FOLDER_PATH}/Unbox.framework",
				"${TARGET_BUILD_DIR}/${FRAMEWORKS_FOLDER_PATH}/UnboxedAlamofire.framework",
				"${TARGET_BUILD_DIR}/${FRAMEWORKS_FOLDER_PATH}/XLPagerTabStrip.framework",
			);
			runOnlyForDeploymentPostprocessing = 0;
			shellPath = /bin/sh;
			shellScript = "\"${SRCROOT}/Pods/Target Support Files/Pods-pixel-city/Pods-pixel-city-frameworks.sh\"\n";
			showEnvVarsInLog = 0;
		};
		935D6C2B257CD80E1A47921A /* [CP] Check Pods Manifest.lock */ = {
			isa = PBXShellScriptBuildPhase;
			buildActionMask = 2147483647;
			files = (
			);
			inputPaths = (
				"${PODS_PODFILE_DIR_PATH}/Podfile.lock",
				"${PODS_ROOT}/Manifest.lock",
			);
			name = "[CP] Check Pods Manifest.lock";
			outputPaths = (
				"$(DERIVED_FILE_DIR)/Pods-pixel-city-checkManifestLockResult.txt",
			);
			runOnlyForDeploymentPostprocessing = 0;
			shellPath = /bin/sh;
			shellScript = "diff \"${PODS_PODFILE_DIR_PATH}/Podfile.lock\" \"${PODS_ROOT}/Manifest.lock\" > /dev/null\nif [ $? != 0 ] ; then\n    # print error to STDERR\n    echo \"error: The sandbox is not in sync with the Podfile.lock. Run 'pod install' or update your CocoaPods installation.\" >&2\n    exit 1\nfi\n# This output is used by Xcode 'outputs' to avoid re-running this script phase.\necho \"SUCCESS\" > \"${SCRIPT_OUTPUT_FILE_0}\"\n";
			showEnvVarsInLog = 0;
		};
/* End PBXShellScriptBuildPhase section */

/* Begin PBXSourcesBuildPhase section */
		50616F802086E95100EB64A4 /* Sources */ = {
			isa = PBXSourcesBuildPhase;
			buildActionMask = 2147483647;
			files = (
				17EC7D4421822FFF001C958E /* FeaturedTableViewHeader.swift in Sources */,
				17EC7D1621820D89001C958E /* VideoCollectionViewCell.swift in Sources */,
				17EC7D272182100E001C958E /* DataManager.swift in Sources */,
				506BA78E2089D3440078EE7B /* PhotoCell.swift in Sources */,
				505D50A2208713E90015E7BF /* DroppablePin.swift in Sources */,
				17EC7D1521820D89001C958E /* NetworkLandingCell.swift in Sources */,
				50616F882086E95100EB64A4 /* AppDelegate.swift in Sources */,
				17EC7D3E21821B77001C958E /* AppearanceService.swift in Sources */,
				17EC7D3021821253001C958E /* MyTabBar.swift in Sources */,
				17EC7D1421820D89001C958E /* VideoCollectionViewCell+Snapkit.swift in Sources */,
				17EC7D1721820D89001C958E /* PopVC.swift in Sources */,
				17EC7D1821820D89001C958E /* MapVC.swift in Sources */,
				17EC7D2421820FC3001C958E /* Color.swift in Sources */,
				17EC7D3A2182194C001C958E /* UIWindow+Category.swift in Sources */,
				17EC7D36218215B1001C958E /* ImageView.swift in Sources */,
				17EC7D2E218210CA001C958E /* APIManager.swift in Sources */,
				17EC7D2121820F8E001C958E /* LandingVC.swift in Sources */,
				505D50A42087185E0015E7BF /* Constants.swift in Sources */,
				17EC7D1B21820EB7001C958E /* VisualManager.swift in Sources */,
				17EC7D3C21821B15001C958E /* MyTabBar+UITabBarControllerDelegate.swift in Sources */,
				17EC7D3221821316001C958E /* DebugView.swift in Sources */,
				17EC7D2021820F8E001C958E /* LandingVC+UITableView.swift in Sources */,
				17EC7D38218218C1001C958E /* Placeholder.swift in Sources */,
				17EC7D2D218210CA001C958E /* CustomURLCache.swift in Sources */,
				17EC7D34218214FD001C958E /* Models.swift in Sources */,
				17EC7D42218228DA001C958E /* HeaderSectionView.swift in Sources */,
			);
			runOnlyForDeploymentPostprocessing = 0;
		};
/* End PBXSourcesBuildPhase section */

/* Begin PBXVariantGroup section */
		50616F8B2086E95100EB64A4 /* Main.storyboard */ = {
			isa = PBXVariantGroup;
			children = (
				50616F8C2086E95100EB64A4 /* Base */,
			);
			name = Main.storyboard;
			sourceTree = "<group>";
		};
		50616F902086E95500EB64A4 /* LaunchScreen.storyboard */ = {
			isa = PBXVariantGroup;
			children = (
				50616F912086E95500EB64A4 /* Base */,
			);
			name = LaunchScreen.storyboard;
			sourceTree = "<group>";
		};
/* End PBXVariantGroup section */

/* Begin XCBuildConfiguration section */
		50616F942086E95500EB64A4 /* Debug */ = {
			isa = XCBuildConfiguration;
			buildSettings = {
				ALWAYS_SEARCH_USER_PATHS = NO;
				CLANG_ANALYZER_NONNULL = YES;
				CLANG_ANALYZER_NUMBER_OBJECT_CONVERSION = YES_AGGRESSIVE;
				CLANG_CXX_LANGUAGE_STANDARD = "gnu++14";
				CLANG_CXX_LIBRARY = "libc++";
				CLANG_ENABLE_MODULES = YES;
				CLANG_ENABLE_OBJC_ARC = YES;
				CLANG_ENABLE_OBJC_WEAK = YES;
				CLANG_WARN_BLOCK_CAPTURE_AUTORELEASING = YES;
				CLANG_WARN_BOOL_CONVERSION = YES;
				CLANG_WARN_COMMA = YES;
				CLANG_WARN_CONSTANT_CONVERSION = YES;
				CLANG_WARN_DEPRECATED_OBJC_IMPLEMENTATIONS = YES;
				CLANG_WARN_DIRECT_OBJC_ISA_USAGE = YES_ERROR;
				CLANG_WARN_DOCUMENTATION_COMMENTS = YES;
				CLANG_WARN_EMPTY_BODY = YES;
				CLANG_WARN_ENUM_CONVERSION = YES;
				CLANG_WARN_INFINITE_RECURSION = YES;
				CLANG_WARN_INT_CONVERSION = YES;
				CLANG_WARN_NON_LITERAL_NULL_CONVERSION = YES;
				CLANG_WARN_OBJC_IMPLICIT_RETAIN_SELF = YES;
				CLANG_WARN_OBJC_LITERAL_CONVERSION = YES;
				CLANG_WARN_OBJC_ROOT_CLASS = YES_ERROR;
				CLANG_WARN_RANGE_LOOP_ANALYSIS = YES;
				CLANG_WARN_STRICT_PROTOTYPES = YES;
				CLANG_WARN_SUSPICIOUS_MOVE = YES;
				CLANG_WARN_UNGUARDED_AVAILABILITY = YES_AGGRESSIVE;
				CLANG_WARN_UNREACHABLE_CODE = YES;
				CLANG_WARN__DUPLICATE_METHOD_MATCH = YES;
				CODE_SIGN_IDENTITY = "iPhone Developer";
				COPY_PHASE_STRIP = NO;
				DEBUG_INFORMATION_FORMAT = dwarf;
				ENABLE_STRICT_OBJC_MSGSEND = YES;
				ENABLE_TESTABILITY = YES;
				GCC_C_LANGUAGE_STANDARD = gnu11;
				GCC_DYNAMIC_NO_PIC = NO;
				GCC_NO_COMMON_BLOCKS = YES;
				GCC_OPTIMIZATION_LEVEL = 0;
				GCC_PREPROCESSOR_DEFINITIONS = (
					"DEBUG=1",
					"$(inherited)",
				);
				GCC_WARN_64_TO_32_BIT_CONVERSION = YES;
				GCC_WARN_ABOUT_RETURN_TYPE = YES_ERROR;
				GCC_WARN_UNDECLARED_SELECTOR = YES;
				GCC_WARN_UNINITIALIZED_AUTOS = YES_AGGRESSIVE;
				GCC_WARN_UNUSED_FUNCTION = YES;
				GCC_WARN_UNUSED_VARIABLE = YES;
				IPHONEOS_DEPLOYMENT_TARGET = 11.3;
				MTL_ENABLE_DEBUG_INFO = YES;
				ONLY_ACTIVE_ARCH = YES;
				SDKROOT = iphoneos;
				SWIFT_ACTIVE_COMPILATION_CONDITIONS = DEBUG;
				SWIFT_OPTIMIZATION_LEVEL = "-Onone";
			};
			name = Debug;
		};
		50616F952086E95500EB64A4 /* Release */ = {
			isa = XCBuildConfiguration;
			buildSettings = {
				ALWAYS_SEARCH_USER_PATHS = NO;
				CLANG_ANALYZER_NONNULL = YES;
				CLANG_ANALYZER_NUMBER_OBJECT_CONVERSION = YES_AGGRESSIVE;
				CLANG_CXX_LANGUAGE_STANDARD = "gnu++14";
				CLANG_CXX_LIBRARY = "libc++";
				CLANG_ENABLE_MODULES = YES;
				CLANG_ENABLE_OBJC_ARC = YES;
				CLANG_ENABLE_OBJC_WEAK = YES;
				CLANG_WARN_BLOCK_CAPTURE_AUTORELEASING = YES;
				CLANG_WARN_BOOL_CONVERSION = YES;
				CLANG_WARN_COMMA = YES;
				CLANG_WARN_CONSTANT_CONVERSION = YES;
				CLANG_WARN_DEPRECATED_OBJC_IMPLEMENTATIONS = YES;
				CLANG_WARN_DIRECT_OBJC_ISA_USAGE = YES_ERROR;
				CLANG_WARN_DOCUMENTATION_COMMENTS = YES;
				CLANG_WARN_EMPTY_BODY = YES;
				CLANG_WARN_ENUM_CONVERSION = YES;
				CLANG_WARN_INFINITE_RECURSION = YES;
				CLANG_WARN_INT_CONVERSION = YES;
				CLANG_WARN_NON_LITERAL_NULL_CONVERSION = YES;
				CLANG_WARN_OBJC_IMPLICIT_RETAIN_SELF = YES;
				CLANG_WARN_OBJC_LITERAL_CONVERSION = YES;
				CLANG_WARN_OBJC_ROOT_CLASS = YES_ERROR;
				CLANG_WARN_RANGE_LOOP_ANALYSIS = YES;
				CLANG_WARN_STRICT_PROTOTYPES = YES;
				CLANG_WARN_SUSPICIOUS_MOVE = YES;
				CLANG_WARN_UNGUARDED_AVAILABILITY = YES_AGGRESSIVE;
				CLANG_WARN_UNREACHABLE_CODE = YES;
				CLANG_WARN__DUPLICATE_METHOD_MATCH = YES;
				CODE_SIGN_IDENTITY = "iPhone Developer";
				COPY_PHASE_STRIP = NO;
				DEBUG_INFORMATION_FORMAT = "dwarf-with-dsym";
				ENABLE_NS_ASSERTIONS = NO;
				ENABLE_STRICT_OBJC_MSGSEND = YES;
				GCC_C_LANGUAGE_STANDARD = gnu11;
				GCC_NO_COMMON_BLOCKS = YES;
				GCC_WARN_64_TO_32_BIT_CONVERSION = YES;
				GCC_WARN_ABOUT_RETURN_TYPE = YES_ERROR;
				GCC_WARN_UNDECLARED_SELECTOR = YES;
				GCC_WARN_UNINITIALIZED_AUTOS = YES_AGGRESSIVE;
				GCC_WARN_UNUSED_FUNCTION = YES;
				GCC_WARN_UNUSED_VARIABLE = YES;
				IPHONEOS_DEPLOYMENT_TARGET = 11.3;
				MTL_ENABLE_DEBUG_INFO = NO;
				SDKROOT = iphoneos;
				SWIFT_COMPILATION_MODE = wholemodule;
				SWIFT_OPTIMIZATION_LEVEL = "-O";
				VALIDATE_PRODUCT = YES;
			};
			name = Release;
		};
		50616F972086E95500EB64A4 /* Debug */ = {
			isa = XCBuildConfiguration;
			baseConfigurationReference = 9659419AA60B1026C36FC6F8 /* Pods-pixel-city.debug.xcconfig */;
			buildSettings = {
				ASSETCATALOG_COMPILER_APPICON_NAME = AppIcon;
				CODE_SIGN_STYLE = Automatic;
				DEVELOPMENT_TEAM = KL43C67G5Z;
				INFOPLIST_FILE = "pixel-city/Info.plist";
				LD_RUNPATH_SEARCH_PATHS = (
					"$(inherited)",
					"@executable_path/Frameworks",
				);
				PRODUCT_BUNDLE_IDENTIFIER = "com.madefresh.ca.pixel-city2";
				PRODUCT_NAME = "$(TARGET_NAME)";
				SWIFT_VERSION = 4.0;
				TARGETED_DEVICE_FAMILY = "1,2";
			};
			name = Debug;
		};
		50616F982086E95500EB64A4 /* Release */ = {
			isa = XCBuildConfiguration;
			baseConfigurationReference = 7FAB19C2B9B724DE16B34A18 /* Pods-pixel-city.release.xcconfig */;
			buildSettings = {
				ASSETCATALOG_COMPILER_APPICON_NAME = AppIcon;
				CODE_SIGN_STYLE = Automatic;
				DEVELOPMENT_TEAM = KL43C67G5Z;
				INFOPLIST_FILE = "pixel-city/Info.plist";
				LD_RUNPATH_SEARCH_PATHS = (
					"$(inherited)",
					"@executable_path/Frameworks",
				);
				PRODUCT_BUNDLE_IDENTIFIER = "com.madefresh.ca.pixel-city2";
				PRODUCT_NAME = "$(TARGET_NAME)";
				SWIFT_VERSION = 4.0;
				TARGETED_DEVICE_FAMILY = "1,2";
			};
			name = Release;
		};
/* End XCBuildConfiguration section */

/* Begin XCConfigurationList section */
		50616F7F2086E95100EB64A4 /* Build configuration list for PBXProject "pixel-city" */ = {
			isa = XCConfigurationList;
			buildConfigurations = (
				50616F942086E95500EB64A4 /* Debug */,
				50616F952086E95500EB64A4 /* Release */,
			);
			defaultConfigurationIsVisible = 0;
			defaultConfigurationName = Release;
		};
		50616F962086E95500EB64A4 /* Build configuration list for PBXNativeTarget "pixel-city" */ = {
			isa = XCConfigurationList;
			buildConfigurations = (
				50616F972086E95500EB64A4 /* Debug */,
				50616F982086E95500EB64A4 /* Release */,
			);
			defaultConfigurationIsVisible = 0;
			defaultConfigurationName = Release;
		};
/* End XCConfigurationList section */
	};
	rootObject = 50616F7C2086E95100EB64A4 /* Project object */;
}
